// !$*UTF8*$!
{
	archiveVersion = 1;
	classes = {
	};
	objectVersion = 56;
	objects = {

/* Begin PBXBuildFile section */
		6EE6993C2A853AFA008CAAAE /* SpaceLaunchesApp.swift in Sources */ = {isa = PBXBuildFile; fileRef = 6EE6993B2A853AFA008CAAAE /* SpaceLaunchesApp.swift */; };
		6EE6993E2A853AFA008CAAAE /* LaunchView.swift in Sources */ = {isa = PBXBuildFile; fileRef = 6EE6993D2A853AFA008CAAAE /* LaunchView.swift */; };
		6EE699402A853AFA008CAAAE /* Assets.xcassets in Resources */ = {isa = PBXBuildFile; fileRef = 6EE6993F2A853AFA008CAAAE /* Assets.xcassets */; };
		6EE699432A853AFA008CAAAE /* Preview Assets.xcassets in Resources */ = {isa = PBXBuildFile; fileRef = 6EE699422A853AFA008CAAAE /* Preview Assets.xcassets */; };
		6EE6994B2A85620A008CAAAE /* Event.swift in Sources */ = {isa = PBXBuildFile; fileRef = 6EE6994A2A85620A008CAAAE /* Event.swift */; };
		6EE6994D2A869211008CAAAE /* Launch.swift in Sources */ = {isa = PBXBuildFile; fileRef = 6EE6994C2A869211008CAAAE /* Launch.swift */; };
		6EE699502A86EB25008CAAAE /* Kingfisher in Frameworks */ = {isa = PBXBuildFile; productRef = 6EE6994F2A86EB25008CAAAE /* Kingfisher */; };
		6EF1EDB82A8839D8007A5C68 /* AppTabView.swift in Sources */ = {isa = PBXBuildFile; fileRef = 6EF1EDB72A8839D8007A5C68 /* AppTabView.swift */; };
/* End PBXBuildFile section */

/* Begin PBXFileReference section */
		6EE699382A853AFA008CAAAE /* SpaceLaunches.app */ = {isa = PBXFileReference; explicitFileType = wrapper.application; includeInIndex = 0; path = SpaceLaunches.app; sourceTree = BUILT_PRODUCTS_DIR; };
		6EE6993B2A853AFA008CAAAE /* SpaceLaunchesApp.swift */ = {isa = PBXFileReference; lastKnownFileType = sourcecode.swift; path = SpaceLaunchesApp.swift; sourceTree = "<group>"; };
		6EE6993D2A853AFA008CAAAE /* LaunchView.swift */ = {isa = PBXFileReference; lastKnownFileType = sourcecode.swift; path = LaunchView.swift; sourceTree = "<group>"; };
		6EE6993F2A853AFA008CAAAE /* Assets.xcassets */ = {isa = PBXFileReference; lastKnownFileType = folder.assetcatalog; path = Assets.xcassets; sourceTree = "<group>"; };
		6EE699422A853AFA008CAAAE /* Preview Assets.xcassets */ = {isa = PBXFileReference; lastKnownFileType = folder.assetcatalog; path = "Preview Assets.xcassets"; sourceTree = "<group>"; };
		6EE6994A2A85620A008CAAAE /* Event.swift */ = {isa = PBXFileReference; lastKnownFileType = sourcecode.swift; path = Event.swift; sourceTree = "<group>"; };
		6EE6994C2A869211008CAAAE /* Launch.swift */ = {isa = PBXFileReference; lastKnownFileType = sourcecode.swift; path = Launch.swift; sourceTree = "<group>"; };
		6EF1EDB72A8839D8007A5C68 /* AppTabView.swift */ = {isa = PBXFileReference; lastKnownFileType = sourcecode.swift; path = AppTabView.swift; sourceTree = "<group>"; };
/* End PBXFileReference section */

/* Begin PBXFrameworksBuildPhase section */
		6EE699352A853AF9008CAAAE /* Frameworks */ = {
			isa = PBXFrameworksBuildPhase;
			buildActionMask = 2147483647;
			files = (
				6EE699502A86EB25008CAAAE /* Kingfisher in Frameworks */,
			);
			runOnlyForDeploymentPostprocessing = 0;
		};
/* End PBXFrameworksBuildPhase section */

/* Begin PBXGroup section */
		6EE6992F2A853AF9008CAAAE = {
			isa = PBXGroup;
			children = (
				6EE6993A2A853AFA008CAAAE /* SpaceLaunches */,
				6EE699392A853AFA008CAAAE /* Products */,
			);
			sourceTree = "<group>";
		};
		6EE699392A853AFA008CAAAE /* Products */ = {
			isa = PBXGroup;
			children = (
				6EE699382A853AFA008CAAAE /* SpaceLaunches.app */,
			);
			name = Products;
			sourceTree = "<group>";
		};
		6EE6993A2A853AFA008CAAAE /* SpaceLaunches */ = {
			isa = PBXGroup;
			children = (
				6EF1EDB42A8838A1007A5C68 /* Views */,
				6EE699492A8561EA008CAAAE /* Models */,
				6EE6993B2A853AFA008CAAAE /* SpaceLaunchesApp.swift */,
				6EE6993F2A853AFA008CAAAE /* Assets.xcassets */,
				6EE699412A853AFA008CAAAE /* Preview Content */,
			);
			path = SpaceLaunches;
			sourceTree = "<group>";
		};
		6EE699412A853AFA008CAAAE /* Preview Content */ = {
			isa = PBXGroup;
			children = (
				6EE699422A853AFA008CAAAE /* Preview Assets.xcassets */,
			);
			path = "Preview Content";
			sourceTree = "<group>";
		};
		6EE699492A8561EA008CAAAE /* Models */ = {
			isa = PBXGroup;
			children = (
				6EE6994A2A85620A008CAAAE /* Event.swift */,
				6EE6994C2A869211008CAAAE /* Launch.swift */,
			);
			path = Models;
			sourceTree = "<group>";
		};
		6EF1EDB32A88385D007A5C68 /* Screens */ = {
			isa = PBXGroup;
			children = (
				6EF1EDB62A88393E007A5C68 /* AppTabView */,
				6EF1EDB52A8838DE007A5C68 /* LaunchView */,
			);
			path = Screens;
			sourceTree = "<group>";
		};
		6EF1EDB42A8838A1007A5C68 /* Views */ = {
			isa = PBXGroup;
			children = (
				6EF1EDB32A88385D007A5C68 /* Screens */,
			);
			path = Views;
			sourceTree = "<group>";
		};
		6EF1EDB52A8838DE007A5C68 /* LaunchView */ = {
			isa = PBXGroup;
			children = (
				6EE6993D2A853AFA008CAAAE /* LaunchView.swift */,
			);
			path = LaunchView;
			sourceTree = "<group>";
		};
		6EF1EDB62A88393E007A5C68 /* AppTabView */ = {
			isa = PBXGroup;
			children = (
				6EF1EDB72A8839D8007A5C68 /* AppTabView.swift */,
			);
			path = AppTabView;
			sourceTree = "<group>";
		};
/* End PBXGroup section */

/* Begin PBXNativeTarget section */
		6EE699372A853AF9008CAAAE /* SpaceLaunches */ = {
			isa = PBXNativeTarget;
			buildConfigurationList = 6EE699462A853AFA008CAAAE /* Build configuration list for PBXNativeTarget "SpaceLaunches" */;
			buildPhases = (
				6EE699342A853AF9008CAAAE /* Sources */,
				6EE699352A853AF9008CAAAE /* Frameworks */,
				6EE699362A853AF9008CAAAE /* Resources */,
			);
			buildRules = (
			);
			dependencies = (
			);
			name = SpaceLaunches;
			packageProductDependencies = (
				6EE6994F2A86EB25008CAAAE /* Kingfisher */,
			);
			productName = SpaceLaunches;
			productReference = 6EE699382A853AFA008CAAAE /* SpaceLaunches.app */;
			productType = "com.apple.product-type.application";
		};
/* End PBXNativeTarget section */

/* Begin PBXProject section */
		6EE699302A853AF9008CAAAE /* Project object */ = {
			isa = PBXProject;
			attributes = {
				BuildIndependentTargetsInParallel = 1;
				LastSwiftUpdateCheck = 1430;
				LastUpgradeCheck = 1430;
				TargetAttributes = {
					6EE699372A853AF9008CAAAE = {
						CreatedOnToolsVersion = 14.3.1;
					};
				};
			};
			buildConfigurationList = 6EE699332A853AF9008CAAAE /* Build configuration list for PBXProject "SpaceLaunches" */;
			compatibilityVersion = "Xcode 14.0";
			developmentRegion = en;
			hasScannedForEncodings = 0;
			knownRegions = (
				en,
				Base,
			);
			mainGroup = 6EE6992F2A853AF9008CAAAE;
			packageReferences = (
				6EE6994E2A86EB25008CAAAE /* XCRemoteSwiftPackageReference "Kingfisher" */,
			);
			productRefGroup = 6EE699392A853AFA008CAAAE /* Products */;
			projectDirPath = "";
			projectRoot = "";
			targets = (
				6EE699372A853AF9008CAAAE /* SpaceLaunches */,
			);
		};
/* End PBXProject section */

/* Begin PBXResourcesBuildPhase section */
		6EE699362A853AF9008CAAAE /* Resources */ = {
			isa = PBXResourcesBuildPhase;
			buildActionMask = 2147483647;
			files = (
				6EE699432A853AFA008CAAAE /* Preview Assets.xcassets in Resources */,
				6EE699402A853AFA008CAAAE /* Assets.xcassets in Resources */,
			);
			runOnlyForDeploymentPostprocessing = 0;
		};
/* End PBXResourcesBuildPhase section */

/* Begin PBXSourcesBuildPhase section */
		6EE699342A853AF9008CAAAE /* Sources */ = {
			isa = PBXSourcesBuildPhase;
			buildActionMask = 2147483647;
			files = (
				6EE6993E2A853AFA008CAAAE /* LaunchView.swift in Sources */,
				6EE6994B2A85620A008CAAAE /* Event.swift in Sources */,
				6EE6994D2A869211008CAAAE /* Launch.swift in Sources */,
				6EE6993C2A853AFA008CAAAE /* SpaceLaunchesApp.swift in Sources */,
				6EF1EDB82A8839D8007A5C68 /* AppTabView.swift in Sources */,
			);
			runOnlyForDeploymentPostprocessing = 0;
		};
/* End PBXSourcesBuildPhase section */

/* Begin XCBuildConfiguration section */
		6EE699442A853AFA008CAAAE /* Debug */ = {
			isa = XCBuildConfiguration;
			buildSettings = {
				ALWAYS_SEARCH_USER_PATHS = NO;
				CLANG_ANALYZER_NONNULL = YES;
				CLANG_ANALYZER_NUMBER_OBJECT_CONVERSION = YES_AGGRESSIVE;
				CLANG_CXX_LANGUAGE_STANDARD = "gnu++20";
				CLANG_ENABLE_MODULES = YES;
				CLANG_ENABLE_OBJC_ARC = YES;
				CLANG_ENABLE_OBJC_WEAK = YES;
				CLANG_WARN_BLOCK_CAPTURE_AUTORELEASING = YES;
				CLANG_WARN_BOOL_CONVERSION = YES;
				CLANG_WARN_COMMA = YES;
				CLANG_WARN_CONSTANT_CONVERSION = YES;
				CLANG_WARN_DEPRECATED_OBJC_IMPLEMENTATIONS = YES;
				CLANG_WARN_DIRECT_OBJC_ISA_USAGE = YES_ERROR;
				CLANG_WARN_DOCUMENTATION_COMMENTS = YES;
				CLANG_WARN_EMPTY_BODY = YES;
				CLANG_WARN_ENUM_CONVERSION = YES;
				CLANG_WARN_INFINITE_RECURSION = YES;
				CLANG_WARN_INT_CONVERSION = YES;
				CLANG_WARN_NON_LITERAL_NULL_CONVERSION = YES;
				CLANG_WARN_OBJC_IMPLICIT_RETAIN_SELF = YES;
				CLANG_WARN_OBJC_LITERAL_CONVERSION = YES;
				CLANG_WARN_OBJC_ROOT_CLASS = YES_ERROR;
				CLANG_WARN_QUOTED_INCLUDE_IN_FRAMEWORK_HEADER = YES;
				CLANG_WARN_RANGE_LOOP_ANALYSIS = YES;
				CLANG_WARN_STRICT_PROTOTYPES = YES;
				CLANG_WARN_SUSPICIOUS_MOVE = YES;
				CLANG_WARN_UNGUARDED_AVAILABILITY = YES_AGGRESSIVE;
				CLANG_WARN_UNREACHABLE_CODE = YES;
				CLANG_WARN__DUPLICATE_METHOD_MATCH = YES;
				COPY_PHASE_STRIP = NO;
				DEBUG_INFORMATION_FORMAT = dwarf;
				ENABLE_STRICT_OBJC_MSGSEND = YES;
				ENABLE_TESTABILITY = YES;
				GCC_C_LANGUAGE_STANDARD = gnu11;
				GCC_DYNAMIC_NO_PIC = NO;
				GCC_NO_COMMON_BLOCKS = YES;
				GCC_OPTIMIZATION_LEVEL = 0;
				GCC_PREPROCESSOR_DEFINITIONS = (
					"DEBUG=1",
					"$(inherited)",
				);
				GCC_WARN_64_TO_32_BIT_CONVERSION = YES;
				GCC_WARN_ABOUT_RETURN_TYPE = YES_ERROR;
				GCC_WARN_UNDECLARED_SELECTOR = YES;
				GCC_WARN_UNINITIALIZED_AUTOS = YES_AGGRESSIVE;
				GCC_WARN_UNUSED_FUNCTION = YES;
				GCC_WARN_UNUSED_VARIABLE = YES;
				IPHONEOS_DEPLOYMENT_TARGET = 16.4;
				MTL_ENABLE_DEBUG_INFO = INCLUDE_SOURCE;
				MTL_FAST_MATH = YES;
				ONLY_ACTIVE_ARCH = YES;
				SDKROOT = iphoneos;
				SWIFT_ACTIVE_COMPILATION_CONDITIONS = DEBUG;
				SWIFT_OPTIMIZATION_LEVEL = "-Onone";
			};
			name = Debug;
		};
		6EE699452A853AFA008CAAAE /* Release */ = {
			isa = XCBuildConfiguration;
			buildSettings = {
				ALWAYS_SEARCH_USER_PATHS = NO;
				CLANG_ANALYZER_NONNULL = YES;
				CLANG_ANALYZER_NUMBER_OBJECT_CONVERSION = YES_AGGRESSIVE;
				CLANG_CXX_LANGUAGE_STANDARD = "gnu++20";
				CLANG_ENABLE_MODULES = YES;
				CLANG_ENABLE_OBJC_ARC = YES;
				CLANG_ENABLE_OBJC_WEAK = YES;
				CLANG_WARN_BLOCK_CAPTURE_AUTORELEASING = YES;
				CLANG_WARN_BOOL_CONVERSION = YES;
				CLANG_WARN_COMMA = YES;
				CLANG_WARN_CONSTANT_CONVERSION = YES;
				CLANG_WARN_DEPRECATED_OBJC_IMPLEMENTATIONS = YES;
				CLANG_WARN_DIRECT_OBJC_ISA_USAGE = YES_ERROR;
				CLANG_WARN_DOCUMENTATION_COMMENTS = YES;
				CLANG_WARN_EMPTY_BODY = YES;
				CLANG_WARN_ENUM_CONVERSION = YES;
				CLANG_WARN_INFINITE_RECURSION = YES;
				CLANG_WARN_INT_CONVERSION = YES;
				CLANG_WARN_NON_LITERAL_NULL_CONVERSION = YES;
				CLANG_WARN_OBJC_IMPLICIT_RETAIN_SELF = YES;
				CLANG_WARN_OBJC_LITERAL_CONVERSION = YES;
				CLANG_WARN_OBJC_ROOT_CLASS = YES_ERROR;
				CLANG_WARN_QUOTED_INCLUDE_IN_FRAMEWORK_HEADER = YES;
				CLANG_WARN_RANGE_LOOP_ANALYSIS = YES;
				CLANG_WARN_STRICT_PROTOTYPES = YES;
				CLANG_WARN_SUSPICIOUS_MOVE = YES;
				CLANG_WARN_UNGUARDED_AVAILABILITY = YES_AGGRESSIVE;
				CLANG_WARN_UNREACHABLE_CODE = YES;
				CLANG_WARN__DUPLICATE_METHOD_MATCH = YES;
				COPY_PHASE_STRIP = NO;
				DEBUG_INFORMATION_FORMAT = "dwarf-with-dsym";
				ENABLE_NS_ASSERTIONS = NO;
				ENABLE_STRICT_OBJC_MSGSEND = YES;
				GCC_C_LANGUAGE_STANDARD = gnu11;
				GCC_NO_COMMON_BLOCKS = YES;
				GCC_WARN_64_TO_32_BIT_CONVERSION = YES;
				GCC_WARN_ABOUT_RETURN_TYPE = YES_ERROR;
				GCC_WARN_UNDECLARED_SELECTOR = YES;
				GCC_WARN_UNINITIALIZED_AUTOS = YES_AGGRESSIVE;
				GCC_WARN_UNUSED_FUNCTION = YES;
				GCC_WARN_UNUSED_VARIABLE = YES;
				IPHONEOS_DEPLOYMENT_TARGET = 16.4;
				MTL_ENABLE_DEBUG_INFO = NO;
				MTL_FAST_MATH = YES;
				SDKROOT = iphoneos;
				SWIFT_COMPILATION_MODE = wholemodule;
				SWIFT_OPTIMIZATION_LEVEL = "-O";
				VALIDATE_PRODUCT = YES;
			};
			name = Release;
		};
		6EE699472A853AFA008CAAAE /* Debug */ = {
			isa = XCBuildConfiguration;
			buildSettings = {
				ASSETCATALOG_COMPILER_APPICON_NAME = AppIcon;
				ASSETCATALOG_COMPILER_GLOBAL_ACCENT_COLOR_NAME = AccentColor;
				CODE_SIGN_STYLE = Automatic;
				CURRENT_PROJECT_VERSION = 1;
				DEVELOPMENT_ASSET_PATHS = "\"SpaceLaunches/Preview Content\"";
				DEVELOPMENT_TEAM = 98F3VL89VL;
				ENABLE_PREVIEWS = YES;
				GENERATE_INFOPLIST_FILE = YES;
				INFOPLIST_KEY_UIApplicationSceneManifest_Generation = YES;
				INFOPLIST_KEY_UIApplicationSupportsIndirectInputEvents = YES;
				INFOPLIST_KEY_UILaunchScreen_Generation = YES;
				INFOPLIST_KEY_UISupportedInterfaceOrientations_iPad = "UIInterfaceOrientationPortrait UIInterfaceOrientationPortraitUpsideDown UIInterfaceOrientationLandscapeLeft UIInterfaceOrientationLandscapeRight";
				INFOPLIST_KEY_UISupportedInterfaceOrientations_iPhone = "UIInterfaceOrientationPortrait UIInterfaceOrientationLandscapeLeft UIInterfaceOrientationLandscapeRight";
				LD_RUNPATH_SEARCH_PATHS = (
					"$(inherited)",
					"@executable_path/Frameworks",
				);
				MARKETING_VERSION = 1.0;
				PRODUCT_BUNDLE_IDENTIFIER = me.gill.mahaveer.SpaceLaunches;
				PRODUCT_NAME = "$(TARGET_NAME)";
				SWIFT_EMIT_LOC_STRINGS = YES;
				SWIFT_VERSION = 5.0;
				TARGETED_DEVICE_FAMILY = "1,2";
			};
			name = Debug;
		};
		6EE699482A853AFA008CAAAE /* Release */ = {
			isa = XCBuildConfiguration;
			buildSettings = {
				ASSETCATALOG_COMPILER_APPICON_NAME = AppIcon;
				ASSETCATALOG_COMPILER_GLOBAL_ACCENT_COLOR_NAME = AccentColor;
				CODE_SIGN_STYLE = Automatic;
				CURRENT_PROJECT_VERSION = 1;
				DEVELOPMENT_ASSET_PATHS = "\"SpaceLaunches/Preview Content\"";
				DEVELOPMENT_TEAM = 98F3VL89VL;
				ENABLE_PREVIEWS = YES;
				GENERATE_INFOPLIST_FILE = YES;
				INFOPLIST_KEY_UIApplicationSceneManifest_Generation = YES;
				INFOPLIST_KEY_UIApplicationSupportsIndirectInputEvents = YES;
				INFOPLIST_KEY_UILaunchScreen_Generation = YES;
				INFOPLIST_KEY_UISupportedInterfaceOrientations_iPad = "UIInterfaceOrientationPortrait UIInterfaceOrientationPortraitUpsideDown UIInterfaceOrientationLandscapeLeft UIInterfaceOrientationLandscapeRight";
				INFOPLIST_KEY_UISupportedInterfaceOrientations_iPhone = "UIInterfaceOrientationPortrait UIInterfaceOrientationLandscapeLeft UIInterfaceOrientationLandscapeRight";
				LD_RUNPATH_SEARCH_PATHS = (
					"$(inherited)",
					"@executable_path/Frameworks",
				);
				MARKETING_VERSION = 1.0;
				PRODUCT_BUNDLE_IDENTIFIER = me.gill.mahaveer.SpaceLaunches;
				PRODUCT_NAME = "$(TARGET_NAME)";
				SWIFT_EMIT_LOC_STRINGS = YES;
				SWIFT_VERSION = 5.0;
				TARGETED_DEVICE_FAMILY = "1,2";
			};
			name = Release;
		};
/* End XCBuildConfiguration section */

/* Begin XCConfigurationList section */
		6EE699332A853AF9008CAAAE /* Build configuration list for PBXProject "SpaceLaunches" */ = {
			isa = XCConfigurationList;
			buildConfigurations = (
				6EE699442A853AFA008CAAAE /* Debug */,
				6EE699452A853AFA008CAAAE /* Release */,
			);
			defaultConfigurationIsVisible = 0;
			defaultConfigurationName = Release;
		};
		6EE699462A853AFA008CAAAE /* Build configuration list for PBXNativeTarget "SpaceLaunches" */ = {
			isa = XCConfigurationList;
			buildConfigurations = (
				6EE699472A853AFA008CAAAE /* Debug */,
				6EE699482A853AFA008CAAAE /* Release */,
			);
			defaultConfigurationIsVisible = 0;
			defaultConfigurationName = Release;
		};
/* End XCConfigurationList section */

/* Begin XCRemoteSwiftPackageReference section */
		6EE6994E2A86EB25008CAAAE /* XCRemoteSwiftPackageReference "Kingfisher" */ = {
			isa = XCRemoteSwiftPackageReference;
			repositoryURL = "https://github.com/onevcat/Kingfisher";
			requirement = {
				kind = upToNextMajorVersion;
				minimumVersion = 7.0.0;
			};
		};
/* End XCRemoteSwiftPackageReference section */

/* Begin XCSwiftPackageProductDependency section */
		6EE6994F2A86EB25008CAAAE /* Kingfisher */ = {
			isa = XCSwiftPackageProductDependency;
			package = 6EE6994E2A86EB25008CAAAE /* XCRemoteSwiftPackageReference "Kingfisher" */;
			productName = Kingfisher;
		};
/* End XCSwiftPackageProductDependency section */
	};
	rootObject = 6EE699302A853AF9008CAAAE /* Project object */;
}
