{
  "pins" : [
    {
      "identity" : "emailcomposer",
      "kind" : "remoteSourceControl",
      "location" : "https://github.com/gabrieltheodoropoulos/EmailComposer",
      "state" : {
        "revision" : "6c35d94b4abd760c3d1eb513ea59baabaecad607",
        "version" : "1.0.2"
      }
    },
    {
      "identity" : "kingfisher",
      "kind" : "remoteSourceControl",
      "location" : "https://github.com/onevcat/Kingfisher",
      "state" : {
        "revision" : "c75584ac759cbb16b204d0a7de3ebf53ea6b304d",
        "version" : "7.9.0"
      }
    }
  ],
  "version" : 2
}
